
Microsoft Visual Studio Solution File, Format Version 12.00
# Visual Studio Version 16
VisualStudioVersion = 16.0.30204.135
MinimumVisualStudioVersion = 10.0.40219.1
Project("{9A19103F-16F7-4668-BE54-9A1E7A4F7556}") = "EGF.Dominio", "EGF.Dominio\EGF.Dominio.csproj", "{055D6121-3B92-4FC2-8710-0ED93E51F310}"
EndProject
Project("{2150E333-8FDC-42A3-9474-1A3956D46DE8}") = "Solution Items", "Solution Items", "{C44C8861-9FA8-449E-A904-36191B541162}"
	ProjectSection(SolutionItems) = preProject
		nuget.config = nuget.config
	EndProjectSection
EndProject
Project("{9A19103F-16F7-4668-BE54-9A1E7A4F7556}") = "EGF.Dados.EFCore", "EGF.Dados\EGF.Dados.EFCore\EGF.Dados.EFCore.csproj", "{FFEF15D2-A084-4B92-94F9-D5D104D646AD}"
EndProject
Project("{FAE04EC0-301F-11D3-BF4B-00C04F79EFBC}") = "EGF.DTOs", "EGF.DTOs\EGF.DTOs.csproj", "{10505B20-A8B2-48D8-8985-505C4D175097}"
EndProject
Project("{FAE04EC0-301F-11D3-BF4B-00C04F79EFBC}") = "EGF.DTOs.Mapeamentos", "EGF.DTOs.Mapeamentos\EGF.DTOs.Mapeamentos.csproj", "{15DD7991-7763-4661-8E84-47FE515611B0}"
EndProject
Project("{FAE04EC0-301F-11D3-BF4B-00C04F79EFBC}") = "EGF.ServicosDeAplicacao.CRUD", "EGF.ServicosDeAplicacao\EGF.ServicosDeAplicacao.CRUD\EGF.ServicosDeAplicacao.CRUD.csproj", "{888ADE0E-5FD8-4D17-B6EF-0AFDCC30EF6F}"
EndProject
Project("{FAE04EC0-301F-11D3-BF4B-00C04F79EFBC}") = "EGF.Dominio.Autenticacao", "EGF.Dominio.Autenticacao\EGF.Dominio.Autenticacao.csproj", "{AC3365C0-4380-4F13-A4F8-4A497FF34C71}"
EndProject
Project("{FAE04EC0-301F-11D3-BF4B-00C04F79EFBC}") = "EGF.Dados.EFCore.Autenticacao", "EGF.Dados\EGF.Dados.EFCore.Autenticacao\EGF.Dados.EFCore.Autenticacao.csproj", "{FF3054FE-6CD2-4CBE-9B5F-AD624225B33D}"
EndProject
Global
	GlobalSection(SolutionConfigurationPlatforms) = preSolution
		Debug|Any CPU = Debug|Any CPU
		Release|Any CPU = Release|Any CPU
	EndGlobalSection
	GlobalSection(ProjectConfigurationPlatforms) = postSolution
		{055D6121-3B92-4FC2-8710-0ED93E51F310}.Debug|Any CPU.ActiveCfg = Debug|Any CPU
		{055D6121-3B92-4FC2-8710-0ED93E51F310}.Debug|Any CPU.Build.0 = Debug|Any CPU
		{055D6121-3B92-4FC2-8710-0ED93E51F310}.Release|Any CPU.ActiveCfg = Release|Any CPU
		{055D6121-3B92-4FC2-8710-0ED93E51F310}.Release|Any CPU.Build.0 = Release|Any CPU
		{FFEF15D2-A084-4B92-94F9-D5D104D646AD}.Debug|Any CPU.ActiveCfg = Debug|Any CPU
		{FFEF15D2-A084-4B92-94F9-D5D104D646AD}.Debug|Any CPU.Build.0 = Debug|Any CPU
		{FFEF15D2-A084-4B92-94F9-D5D104D646AD}.Release|Any CPU.ActiveCfg = Release|Any CPU
		{FFEF15D2-A084-4B92-94F9-D5D104D646AD}.Release|Any CPU.Build.0 = Release|Any CPU
		{10505B20-A8B2-48D8-8985-505C4D175097}.Debug|Any CPU.ActiveCfg = Debug|Any CPU
		{10505B20-A8B2-48D8-8985-505C4D175097}.Debug|Any CPU.Build.0 = Debug|Any CPU
		{10505B20-A8B2-48D8-8985-505C4D175097}.Release|Any CPU.ActiveCfg = Release|Any CPU
		{10505B20-A8B2-48D8-8985-505C4D175097}.Release|Any CPU.Build.0 = Release|Any CPU
		{15DD7991-7763-4661-8E84-47FE515611B0}.Debug|Any CPU.ActiveCfg = Debug|Any CPU
		{15DD7991-7763-4661-8E84-47FE515611B0}.Debug|Any CPU.Build.0 = Debug|Any CPU
		{15DD7991-7763-4661-8E84-47FE515611B0}.Release|Any CPU.ActiveCfg = Release|Any CPU
		{15DD7991-7763-4661-8E84-47FE515611B0}.Release|Any CPU.Build.0 = Release|Any CPU
		{888ADE0E-5FD8-4D17-B6EF-0AFDCC30EF6F}.Debug|Any CPU.ActiveCfg = Debug|Any CPU
		{888ADE0E-5FD8-4D17-B6EF-0AFDCC30EF6F}.Debug|Any CPU.Build.0 = Debug|Any CPU
		{888ADE0E-5FD8-4D17-B6EF-0AFDCC30EF6F}.Release|Any CPU.ActiveCfg = Release|Any CPU
		{888ADE0E-5FD8-4D17-B6EF-0AFDCC30EF6F}.Release|Any CPU.Build.0 = Release|Any CPU
		{AC3365C0-4380-4F13-A4F8-4A497FF34C71}.Debug|Any CPU.ActiveCfg = Debug|Any CPU
		{AC3365C0-4380-4F13-A4F8-4A497FF34C71}.Debug|Any CPU.Build.0 = Debug|Any CPU
		{AC3365C0-4380-4F13-A4F8-4A497FF34C71}.Release|Any CPU.ActiveCfg = Release|Any CPU
		{AC3365C0-4380-4F13-A4F8-4A497FF34C71}.Release|Any CPU.Build.0 = Release|Any CPU
		{FF3054FE-6CD2-4CBE-9B5F-AD624225B33D}.Debug|Any CPU.ActiveCfg = Debug|Any CPU
		{FF3054FE-6CD2-4CBE-9B5F-AD624225B33D}.Debug|Any CPU.Build.0 = Debug|Any CPU
		{FF3054FE-6CD2-4CBE-9B5F-AD624225B33D}.Release|Any CPU.ActiveCfg = Release|Any CPU
		{FF3054FE-6CD2-4CBE-9B5F-AD624225B33D}.Release|Any CPU.Build.0 = Release|Any CPU
	EndGlobalSection
	GlobalSection(SolutionProperties) = preSolution
		HideSolutionNode = FALSE
	EndGlobalSection
	GlobalSection(ExtensibilityGlobals) = postSolution
		SolutionGuid = {E9E93730-D672-41AD-9D9D-F7FA969B1A51}
	EndGlobalSection
EndGlobal
