
Microsoft Visual Studio Solution File, Format Version 12.00
# Visual Studio Version 16
VisualStudioVersion = 16.0.30204.135
MinimumVisualStudioVersion = 10.0.40219.1
Project("{9A19103F-16F7-4668-BE54-9A1E7A4F7556}") = "EGF.Dominio", "EGF.Dominio\EGF.Dominio.csproj", "{055D6121-3B92-4FC2-8710-0ED93E51F310}"
EndProject
Project("{2150E333-8FDC-42A3-9474-1A3956D46DE8}") = "Solution Items", "Solution Items", "{C44C8861-9FA8-449E-A904-36191B541162}"
	ProjectSection(SolutionItems) = preProject
		nuget.config = nuget.config
	EndProjectSection
EndProject
Project("{FAE04EC0-301F-11D3-BF4B-00C04F79EFBC}") = "EGF.Dados.EFCore", "EGF.Dados\EGF.Dados.EFCore\EGF.Dados.EFCore.csproj", "{FFEF15D2-A084-4B92-94F9-D5D104D646AD}"
EndProject
Global
	GlobalSection(SolutionConfigurationPlatforms) = preSolution
		Debug|Any CPU = Debug|Any CPU
		Release|Any CPU = Release|Any CPU
	EndGlobalSection
	GlobalSection(ProjectConfigurationPlatforms) = postSolution
		{055D6121-3B92-4FC2-8710-0ED93E51F310}.Debug|Any CPU.ActiveCfg = Debug|Any CPU
		{055D6121-3B92-4FC2-8710-0ED93E51F310}.Debug|Any CPU.Build.0 = Debug|Any CPU
		{055D6121-3B92-4FC2-8710-0ED93E51F310}.Release|Any CPU.ActiveCfg = Release|Any CPU
		{055D6121-3B92-4FC2-8710-0ED93E51F310}.Release|Any CPU.Build.0 = Release|Any CPU
		{FFEF15D2-A084-4B92-94F9-D5D104D646AD}.Debug|Any CPU.ActiveCfg = Debug|Any CPU
		{FFEF15D2-A084-4B92-94F9-D5D104D646AD}.Debug|Any CPU.Build.0 = Debug|Any CPU
		{FFEF15D2-A084-4B92-94F9-D5D104D646AD}.Release|Any CPU.ActiveCfg = Release|Any CPU
		{FFEF15D2-A084-4B92-94F9-D5D104D646AD}.Release|Any CPU.Build.0 = Release|Any CPU
	EndGlobalSection
	GlobalSection(SolutionProperties) = preSolution
		HideSolutionNode = FALSE
	EndGlobalSection
	GlobalSection(ExtensibilityGlobals) = postSolution
		SolutionGuid = {E9E93730-D672-41AD-9D9D-F7FA969B1A51}
	EndGlobalSection
EndGlobal
